# This file is autogenerated, do not edit; changes may be undone by the next 'dep ensure'.


[[projects]]
  digest = "1:25870183293a3fb61cc9afd060a61d63a486f091db72af01a8ea3449f5ca530d"
  name = "github.com/Masterminds/goutils"
  packages = ["."]
  pruneopts = "NUT"
  revision = "41ac8693c5c10a92ea1ff5ac3a7f95646f6123b0"
  version = "v1.1.0"

[[projects]]
  digest = "1:a87d56bc96be219c69d02e66a9ea8582295cc88271fe07565ea4aa0505f1ee9e"
  name = "github.com/Masterminds/semver"
  packages = ["."]
  pruneopts = "NUT"
  revision = "60c7ae8a99210a90a9457d5de5f6dcbc4dab8e64"
  version = "v3.1.0"

[[projects]]
  digest = "1:b9d22e4c6acf0194e00a698d563ad3bacb8d8dab1d73f494517810bf92e029c5"
  name = "github.com/Masterminds/sprig"
  packages = ["."]
  pruneopts = "NUT"
  revision = "e4c0945838d570720d876a6ad9b4568ed32317b4"
  version = "v2.22.0"

[[projects]]
  digest = "1:a2c1d0e43bd3baaa071d1b9ed72c27d78169b2b269f71c105ac4ba34b1be4a39"
  name = "github.com/davecgh/go-spew"
  packages = ["spew"]
  pruneopts = "NUT"
  revision = "346938d642f2ec3594ed81d874461961cd0faa76"
  version = "v1.1.0"

[[projects]]
  digest = "1:7c4b5e23bb01e5945b0df8a5f181efa2d90abd19e368be7c7bd55a5737db0739"
  name = "github.com/fatih/color"
  packages = ["."]
  pruneopts = "NUT"
  revision = "507f6050b8568533fb3f5504de8e5205fa62a114"
  version = "v1.6.0"

[[projects]]
  digest = "1:701a752fef2308283c190338f49b8e499b297c8e2fec5e6448e1eec5b4f9ea02"
  name = "github.com/git-chglog/git-chglog"
  packages = ["."]
  pruneopts = "NUT"
  revision = "40b31a0f6858911bba7f32c42055d52c67295147"
  version = "0.9.1"

[[projects]]
  digest = "1:ab3ec1fe3e39bac4b3ab63390767766622be35b7cab03f47f787f9ec60522a53"
  name = "github.com/google/uuid"
  packages = ["."]
  pruneopts = "NUT"
  revision = "0cd6bf5da1e1c83f8b45653022c74f71af0538a4"
  version = "v1.1.1"

[[projects]]
  digest = "1:ab6b7000b662924ee26decc6db148ab240f46d391cc9b824271784b4b854f46e"
  name = "github.com/huandu/xstrings"
  packages = ["."]
  pruneopts = "NUT"
  revision = "2d07d6354d7a6d8f940a16a9a98ca38f6b17254c"
  version = "v1.3.1"

[[projects]]
  digest = "1:cf327083982a19eae01f70be6663a935a02bac3a2dc79efbc19668c8378bfbb3"
  name = "github.com/imdario/mergo"
  packages = ["."]
  pruneopts = "NUT"
  revision = "163f41321a19dd09362d4c63cc2489db2015f1f4"
  version = "0.3.2"

[[projects]]
  digest = "1:08c231ec84231a7e23d67e4b58f975e1423695a32467a362ee55a803f9de8061"
  name = "github.com/mattn/go-colorable"
  packages = ["."]
  pruneopts = "NUT"
  revision = "167de6bfdfba052fa6b2d3664c8f5272e23c9072"
  version = "v0.0.9"

[[projects]]
  digest = "1:bc4f7eec3b7be8c6cb1f0af6c1e3333d5bb71072951aaaae2f05067b0803f287"
  name = "github.com/mattn/go-isatty"
  packages = ["."]
  pruneopts = "NUT"
  revision = "0360b2af4f38e8d38c7fce2a9f4e702702d73a39"
  version = "v0.0.3"

[[projects]]
  branch = "master"
  digest = "1:063d55b87e200bced5e2be658cc70acafb4c5bbc4afa04d4b82f66298b73d089"
  name = "github.com/mgutz/ansi"
  packages = ["."]
  pruneopts = "NUT"
  revision = "9520e82c474b0a04dd04f8a40959027271bab992"

[[projects]]
  digest = "1:1e5a8bf6fb005f1808852ad1a4bedb7b4b3291af90dec12c4c9e4a955a42c9b2"
  name = "github.com/mitchellh/copystructure"
  packages = ["."]
  pruneopts = "NUT"
  revision = "9a1b6f44e8da0e0e374624fb0a825a231b00c537"
  version = "v1.0.0"

[[projects]]
  digest = "1:bb676c5bf47f2159355d464cec0aba0af54140789768e5b1a74dbb68452c5aee"
  name = "github.com/mitchellh/reflectwalk"
  packages = ["."]
  pruneopts = "NUT"
  revision = "3e2c75dfad4fbf904b58782a80fd595c760ad185"
  version = "v1.0.1"

[[projects]]
  digest = "1:0028cb19b2e4c3112225cd871870f2d9cf49b9b4276531f03438a88e94be86fe"
  name = "github.com/pmezard/go-difflib"
  packages = ["difflib"]
  pruneopts = "NUT"
  revision = "792786c7400a136282c1664665ae0a8db921c6c2"
  version = "v1.0.0"

[[projects]]
  digest = "1:a852b1ad03ca063d2c57866d9f94dcb1cb2e111415c5902ce0586fc2d207221b"
  name = "github.com/stretchr/testify"
  packages = ["assert"]
  pruneopts = "NUT"
  revision = "12b6f73e6084dad08a7c6e575284b177ecafbc71"
  version = "v1.2.1"

[[projects]]
  digest = "1:bc6fc3b838718f65a91d63108426e69bbddf643c04f20e2bbbb0ea907d84b984"
  name = "github.com/tsuyoshiwada/go-gitcmd"
  packages = ["."]
  pruneopts = "NUT"
  revision = "5f1f5f9475df211f8b48620d704284d7375229c3"
  version = "0.0.1"

[[projects]]
  digest = "1:5dba68a1600a235630e208cb7196b24e58fcbb77bb7a6bec08fcd23f081b0a58"
  name = "github.com/urfave/cli"
  packages = ["."]
  pruneopts = "NUT"
  revision = "cfb38830724cc34fedffe9a2a29fb54fa9169cd1"
  version = "v1.20.0"

[[projects]]
  branch = "master"
  digest = "1:39628c44b67004cdd7ff753f6490588b87defe2569413378719d7e4f92df352d"
  name = "golang.org/x/crypto"
  packages = [
    "pbkdf2",
    "scrypt",
  ]
  pruneopts = "NUT"
  revision = "279210d13fedf5be6d476bad5df6a015042bb905"

[[projects]]
  branch = "master"
  digest = "1:600bbc566231723dd6d13ccb6269a1c97235041281d796e03102ae4feab4d5d8"
  name = "golang.org/x/sys"
  packages = ["unix"]
  pruneopts = "NUT"
  revision = "37707fdb30a5b38865cfb95e5aab41707daec7fd"

[[projects]]
  digest = "1:8f2948d3a161e4ef9591a3a465ef8fb94e12f458115ed00f9aed6c2c0a1d3025"
  name = "gopkg.in/AlecAivazis/survey.v1"
  packages = [
    ".",
    "core",
    "terminal",
  ]
  pruneopts = "NUT"
  revision = "9f89d9dd66613216993dc300f9f3dbae9c3c9bda"
  version = "v1.4.2"

[[projects]]
  digest = "1:e21bd8ae4721734a5b9a79c7345aa528f0cc2e0cc18265691c37566f1c445a19"
  name = "gopkg.in/kyokomi/emoji.v1"
  packages = ["."]
  pruneopts = "NUT"
  revision = "7e06b236c489543f53868841f188a294e3383eab"
  version = "v1.5"

[[projects]]
  branch = "v2"
  digest = "1:13e704c08924325be00f96e47e7efe0bfddf0913cdfc237423c83f9b183ff590"
  name = "gopkg.in/yaml.v2"
  packages = ["."]
  pruneopts = "NUT"
  revision = "d670f9405373e636a5a2765eea47fac0c9bc91a4"

[solve-meta]
  analyzer-name = "dep"
  analyzer-version = 1
  input-imports = [
    "github.com/Masterminds/sprig",
    "github.com/fatih/color",
    "github.com/git-chglog/git-chglog",
    "github.com/imdario/mergo",
    "github.com/mattn/go-colorable",
    "github.com/stretchr/testify/assert",
    "github.com/tsuyoshiwada/go-gitcmd",
    "github.com/urfave/cli",
    "gopkg.in/AlecAivazis/survey.v1",
    "gopkg.in/kyokomi/emoji.v1",
    "gopkg.in/yaml.v2",
  ]
  solver-name = "gps-cdcl"
  solver-version = 1
